
Microsoft Visual Studio Solution File, Format Version 12.00
# Visual Studio Version 17
VisualStudioVersion = 17.5.33516.290
MinimumVisualStudioVersion = 10.0.40219.1
Project("{9A19103F-16F7-4668-BE54-9A1E7A4F7556}") = "WebApp(CRUD)", "WebApp(CRUD).csproj", "{18A1E407-89E8-4263-8851-513DA8DCDF5F}"
EndProject
Global
	GlobalSection(SolutionConfigurationPlatforms) = preSolution
		Debug|Any CPU = Debug|Any CPU
		Release|Any CPU = Release|Any CPU
	EndGlobalSection
	GlobalSection(ProjectConfigurationPlatforms) = postSolution
		{18A1E407-89E8-4263-8851-513DA8DCDF5F}.Debug|Any CPU.ActiveCfg = Debug|Any CPU
		{18A1E407-89E8-4263-8851-513DA8DCDF5F}.Debug|Any CPU.Build.0 = Debug|Any CPU
		{18A1E407-89E8-4263-8851-513DA8DCDF5F}.Release|Any CPU.ActiveCfg = Release|Any CPU
		{18A1E407-89E8-4263-8851-513DA8DCDF5F}.Release|Any CPU.Build.0 = Release|Any CPU
	EndGlobalSection
	GlobalSection(SolutionProperties) = preSolution
		HideSolutionNode = FALSE
	EndGlobalSection
	GlobalSection(ExtensibilityGlobals) = postSolution
		SolutionGuid = {48917A6A-3270-4DBE-BE46-3AE09D8CC181}
	EndGlobalSection
EndGlobal
